
Microsoft Visual Studio Solution File, Format Version 12.00
# Visual Studio 15
VisualStudioVersion = 15.0.28010.2046
MinimumVisualStudioVersion = 10.0.40219.1
Project("{8BC9CEB8-8B4A-11D0-8D11-00A0C91BC942}") = "Testkode3", "Testkode3\Testkode3.vcxproj", "{A6FD3FD6-D245-48A0-A630-9653F193D6B1}"
EndProject
Global
	GlobalSection(SolutionConfigurationPlatforms) = preSolution
		Debug|x64 = Debug|x64
		Debug|x86 = Debug|x86
		Release|x64 = Release|x64
		Release|x86 = Release|x86
	EndGlobalSection
	GlobalSection(ProjectConfigurationPlatforms) = postSolution
		{A6FD3FD6-D245-48A0-A630-9653F193D6B1}.Debug|x64.ActiveCfg = Debug|x64
		{A6FD3FD6-D245-48A0-A630-9653F193D6B1}.Debug|x64.Build.0 = Debug|x64
		{A6FD3FD6-D245-48A0-A630-9653F193D6B1}.Debug|x86.ActiveCfg = Debug|Win32
		{A6FD3FD6-D245-48A0-A630-9653F193D6B1}.Debug|x86.Build.0 = Debug|Win32
		{A6FD3FD6-D245-48A0-A630-9653F193D6B1}.Release|x64.ActiveCfg = Release|x64
		{A6FD3FD6-D245-48A0-A630-9653F193D6B1}.Release|x64.Build.0 = Release|x64
		{A6FD3FD6-D245-48A0-A630-9653F193D6B1}.Release|x86.ActiveCfg = Release|Win32
		{A6FD3FD6-D245-48A0-A630-9653F193D6B1}.Release|x86.Build.0 = Release|Win32
	EndGlobalSection
	GlobalSection(SolutionProperties) = preSolution
		HideSolutionNode = FALSE
	EndGlobalSection
	GlobalSection(ExtensibilityGlobals) = postSolution
		SolutionGuid = {9044CA96-A7CC-4BC7-8D4F-767856BB4C3F}
	EndGlobalSection
EndGlobal
